# THIS IS AN AUTOGENERATED FILE. DO NOT EDIT THIS FILE DIRECTLY.
# yarn lockfile v1


jquery@latest:
  version "3.7.1"
  resolved "https://registry.yarnpkg.com/jquery/-/jquery-3.7.1.tgz#083ef98927c9a6a74d05a6af02806566d16274de"
  integrity sha512-m4avr8yL8kmFN8psrbFFFmB/If14iN5o9nw/NgnnM+kybDJpRsAynV2BsfpTYrTRysYUdADVD7CkUUizgkpLfg==

survey-core@latest:
  version "1.12.3"
  resolved "https://registry.yarnpkg.com/survey-core/-/survey-core-1.12.3.tgz#c14b9e534d50de3f96b2f719ea69bdcc4ecca7d2"
  integrity sha512-dP9TKLBE+z16h2ZEo3zkN7yEF2ZiqRb60bWZtAzcakzDBrCl+9ltb2UuSHXtzfXwd9941HoFirdqv/u4YZgaQQ==

survey-js-ui@latest:
  version "1.12.3"
  resolved "https://registry.yarnpkg.com/survey-js-ui/-/survey-js-ui-1.12.3.tgz#bfebe468731dd6577090ee32b2feda9962aa6b21"
  integrity sha512-/xgvWxo9YsRic0g0iNGn05jL42sTZICJH/dqIZZkwsIhjAx0/v6AYhhHqgPcmjnCZK0dC+UfKjXacju9UqXYVg==
